
Microsoft Visual Studio Solution File, Format Version 12.00
# Visual Studio Version 16
VisualStudioVersion = 16.0.31005.135
MinimumVisualStudioVersion = 10.0.40219.1
Project("{FAE04EC0-301F-11D3-BF4B-00C04F79EFBC}") = "CBP-Launcher", "CBP-Launcher\CBP-Launcher.csproj", "{81AD6FDC-5DB4-403A-82DD-BBB875795CF4}"
EndProject
Project("{FAE04EC0-301F-11D3-BF4B-00C04F79EFBC}") = "CBP-Setup", "CBP-Setup\CBP-Setup.csproj", "{07459119-2220-46AB-8131-F3FA92039740}"
EndProject
Project("{FAE04EC0-301F-11D3-BF4B-00C04F79EFBC}") = "CBP-Setup.Language", "CBP-Setup.Language\CBP-Setup.Language.csproj", "{E8329647-4159-4CD9-B250-8D7DD901C986}"
EndProject
Project("{FAE04EC0-301F-11D3-BF4B-00C04F79EFBC}") = "CBP-Setup-GUI", "CBP-Setup-GUI\CBP-Setup-GUI.csproj", "{DFE67E37-E2A8-410A-9898-F289B93E4A50}"
EndProject
Project("{FAE04EC0-301F-11D3-BF4B-00C04F79EFBC}") = "CBP-Setup-GUI.Language", "CBP-Setup-GUI.Language\CBP-Setup-GUI.Language.csproj", "{54B68121-A258-4C03-8322-9F79ABB78005}"
EndProject
Project("{FAE04EC0-301F-11D3-BF4B-00C04F79EFBC}") = "CBP-patriots", "CBP-patriots\CBP-patriots.csproj", "{26C0C8DB-354D-4D8E-81F4-4D2269684FEA}"
EndProject
Global
	GlobalSection(SolutionConfigurationPlatforms) = preSolution
		Debug|Any CPU = Debug|Any CPU
		Debug|ARM = Debug|ARM
		Debug|ARM64 = Debug|ARM64
		Debug|x64 = Debug|x64
		Debug|x86 = Debug|x86
		Release|Any CPU = Release|Any CPU
		Release|ARM = Release|ARM
		Release|ARM64 = Release|ARM64
		Release|x64 = Release|x64
		Release|x86 = Release|x86
	EndGlobalSection
	GlobalSection(ProjectConfigurationPlatforms) = postSolution
		{81AD6FDC-5DB4-403A-82DD-BBB875795CF4}.Debug|Any CPU.ActiveCfg = Debug|Any CPU
		{81AD6FDC-5DB4-403A-82DD-BBB875795CF4}.Debug|Any CPU.Build.0 = Debug|Any CPU
		{81AD6FDC-5DB4-403A-82DD-BBB875795CF4}.Debug|ARM.ActiveCfg = Debug|Any CPU
		{81AD6FDC-5DB4-403A-82DD-BBB875795CF4}.Debug|ARM.Build.0 = Debug|Any CPU
		{81AD6FDC-5DB4-403A-82DD-BBB875795CF4}.Debug|ARM64.ActiveCfg = Debug|Any CPU
		{81AD6FDC-5DB4-403A-82DD-BBB875795CF4}.Debug|ARM64.Build.0 = Debug|Any CPU
		{81AD6FDC-5DB4-403A-82DD-BBB875795CF4}.Debug|x64.ActiveCfg = Debug|Any CPU
		{81AD6FDC-5DB4-403A-82DD-BBB875795CF4}.Debug|x64.Build.0 = Debug|Any CPU
		{81AD6FDC-5DB4-403A-82DD-BBB875795CF4}.Debug|x86.ActiveCfg = Debug|Any CPU
		{81AD6FDC-5DB4-403A-82DD-BBB875795CF4}.Debug|x86.Build.0 = Debug|Any CPU
		{81AD6FDC-5DB4-403A-82DD-BBB875795CF4}.Release|Any CPU.ActiveCfg = Release|Any CPU
		{81AD6FDC-5DB4-403A-82DD-BBB875795CF4}.Release|Any CPU.Build.0 = Release|Any CPU
		{81AD6FDC-5DB4-403A-82DD-BBB875795CF4}.Release|ARM.ActiveCfg = Release|Any CPU
		{81AD6FDC-5DB4-403A-82DD-BBB875795CF4}.Release|ARM.Build.0 = Release|Any CPU
		{81AD6FDC-5DB4-403A-82DD-BBB875795CF4}.Release|ARM64.ActiveCfg = Release|Any CPU
		{81AD6FDC-5DB4-403A-82DD-BBB875795CF4}.Release|ARM64.Build.0 = Release|Any CPU
		{81AD6FDC-5DB4-403A-82DD-BBB875795CF4}.Release|x64.ActiveCfg = Release|Any CPU
		{81AD6FDC-5DB4-403A-82DD-BBB875795CF4}.Release|x64.Build.0 = Release|Any CPU
		{81AD6FDC-5DB4-403A-82DD-BBB875795CF4}.Release|x86.ActiveCfg = Release|Any CPU
		{81AD6FDC-5DB4-403A-82DD-BBB875795CF4}.Release|x86.Build.0 = Release|Any CPU
		{07459119-2220-46AB-8131-F3FA92039740}.Debug|Any CPU.ActiveCfg = Debug|Any CPU
		{07459119-2220-46AB-8131-F3FA92039740}.Debug|Any CPU.Build.0 = Debug|Any CPU
		{07459119-2220-46AB-8131-F3FA92039740}.Debug|ARM.ActiveCfg = Debug|Any CPU
		{07459119-2220-46AB-8131-F3FA92039740}.Debug|ARM.Build.0 = Debug|Any CPU
		{07459119-2220-46AB-8131-F3FA92039740}.Debug|ARM64.ActiveCfg = Debug|Any CPU
		{07459119-2220-46AB-8131-F3FA92039740}.Debug|ARM64.Build.0 = Debug|Any CPU
		{07459119-2220-46AB-8131-F3FA92039740}.Debug|x64.ActiveCfg = Debug|Any CPU
		{07459119-2220-46AB-8131-F3FA92039740}.Debug|x64.Build.0 = Debug|Any CPU
		{07459119-2220-46AB-8131-F3FA92039740}.Debug|x86.ActiveCfg = Debug|Any CPU
		{07459119-2220-46AB-8131-F3FA92039740}.Debug|x86.Build.0 = Debug|Any CPU
		{07459119-2220-46AB-8131-F3FA92039740}.Release|Any CPU.ActiveCfg = Release|Any CPU
		{07459119-2220-46AB-8131-F3FA92039740}.Release|Any CPU.Build.0 = Release|Any CPU
		{07459119-2220-46AB-8131-F3FA92039740}.Release|ARM.ActiveCfg = Release|Any CPU
		{07459119-2220-46AB-8131-F3FA92039740}.Release|ARM.Build.0 = Release|Any CPU
		{07459119-2220-46AB-8131-F3FA92039740}.Release|ARM64.ActiveCfg = Release|Any CPU
		{07459119-2220-46AB-8131-F3FA92039740}.Release|ARM64.Build.0 = Release|Any CPU
		{07459119-2220-46AB-8131-F3FA92039740}.Release|x64.ActiveCfg = Release|Any CPU
		{07459119-2220-46AB-8131-F3FA92039740}.Release|x64.Build.0 = Release|Any CPU
		{07459119-2220-46AB-8131-F3FA92039740}.Release|x86.ActiveCfg = Release|Any CPU
		{07459119-2220-46AB-8131-F3FA92039740}.Release|x86.Build.0 = Release|Any CPU
		{E8329647-4159-4CD9-B250-8D7DD901C986}.Debug|Any CPU.ActiveCfg = Debug|Any CPU
		{E8329647-4159-4CD9-B250-8D7DD901C986}.Debug|Any CPU.Build.0 = Debug|Any CPU
		{E8329647-4159-4CD9-B250-8D7DD901C986}.Debug|ARM.ActiveCfg = Debug|Any CPU
		{E8329647-4159-4CD9-B250-8D7DD901C986}.Debug|ARM.Build.0 = Debug|Any CPU
		{E8329647-4159-4CD9-B250-8D7DD901C986}.Debug|ARM64.ActiveCfg = Debug|Any CPU
		{E8329647-4159-4CD9-B250-8D7DD901C986}.Debug|ARM64.Build.0 = Debug|Any CPU
		{E8329647-4159-4CD9-B250-8D7DD901C986}.Debug|x64.ActiveCfg = Debug|Any CPU
		{E8329647-4159-4CD9-B250-8D7DD901C986}.Debug|x64.Build.0 = Debug|Any CPU
		{E8329647-4159-4CD9-B250-8D7DD901C986}.Debug|x86.ActiveCfg = Debug|Any CPU
		{E8329647-4159-4CD9-B250-8D7DD901C986}.Debug|x86.Build.0 = Debug|Any CPU
		{E8329647-4159-4CD9-B250-8D7DD901C986}.Release|Any CPU.ActiveCfg = Release|Any CPU
		{E8329647-4159-4CD9-B250-8D7DD901C986}.Release|Any CPU.Build.0 = Release|Any CPU
		{E8329647-4159-4CD9-B250-8D7DD901C986}.Release|ARM.ActiveCfg = Release|Any CPU
		{E8329647-4159-4CD9-B250-8D7DD901C986}.Release|ARM.Build.0 = Release|Any CPU
		{E8329647-4159-4CD9-B250-8D7DD901C986}.Release|ARM64.ActiveCfg = Release|Any CPU
		{E8329647-4159-4CD9-B250-8D7DD901C986}.Release|ARM64.Build.0 = Release|Any CPU
		{E8329647-4159-4CD9-B250-8D7DD901C986}.Release|x64.ActiveCfg = Release|Any CPU
		{E8329647-4159-4CD9-B250-8D7DD901C986}.Release|x64.Build.0 = Release|Any CPU
		{E8329647-4159-4CD9-B250-8D7DD901C986}.Release|x86.ActiveCfg = Release|Any CPU
		{E8329647-4159-4CD9-B250-8D7DD901C986}.Release|x86.Build.0 = Release|Any CPU
		{DFE67E37-E2A8-410A-9898-F289B93E4A50}.Debug|Any CPU.ActiveCfg = Debug|Any CPU
		{DFE67E37-E2A8-410A-9898-F289B93E4A50}.Debug|Any CPU.Build.0 = Debug|Any CPU
		{DFE67E37-E2A8-410A-9898-F289B93E4A50}.Debug|ARM.ActiveCfg = Debug|Any CPU
		{DFE67E37-E2A8-410A-9898-F289B93E4A50}.Debug|ARM.Build.0 = Debug|Any CPU
		{DFE67E37-E2A8-410A-9898-F289B93E4A50}.Debug|ARM64.ActiveCfg = Debug|Any CPU
		{DFE67E37-E2A8-410A-9898-F289B93E4A50}.Debug|ARM64.Build.0 = Debug|Any CPU
		{DFE67E37-E2A8-410A-9898-F289B93E4A50}.Debug|x64.ActiveCfg = Debug|Any CPU
		{DFE67E37-E2A8-410A-9898-F289B93E4A50}.Debug|x64.Build.0 = Debug|Any CPU
		{DFE67E37-E2A8-410A-9898-F289B93E4A50}.Debug|x86.ActiveCfg = Debug|Any CPU
		{DFE67E37-E2A8-410A-9898-F289B93E4A50}.Debug|x86.Build.0 = Debug|Any CPU
		{DFE67E37-E2A8-410A-9898-F289B93E4A50}.Release|Any CPU.ActiveCfg = Release|Any CPU
		{DFE67E37-E2A8-410A-9898-F289B93E4A50}.Release|Any CPU.Build.0 = Release|Any CPU
		{DFE67E37-E2A8-410A-9898-F289B93E4A50}.Release|ARM.ActiveCfg = Release|Any CPU
		{DFE67E37-E2A8-410A-9898-F289B93E4A50}.Release|ARM.Build.0 = Release|Any CPU
		{DFE67E37-E2A8-410A-9898-F289B93E4A50}.Release|ARM64.ActiveCfg = Release|Any CPU
		{DFE67E37-E2A8-410A-9898-F289B93E4A50}.Release|ARM64.Build.0 = Release|Any CPU
		{DFE67E37-E2A8-410A-9898-F289B93E4A50}.Release|x64.ActiveCfg = Release|Any CPU
		{DFE67E37-E2A8-410A-9898-F289B93E4A50}.Release|x64.Build.0 = Release|Any CPU
		{DFE67E37-E2A8-410A-9898-F289B93E4A50}.Release|x86.ActiveCfg = Release|Any CPU
		{DFE67E37-E2A8-410A-9898-F289B93E4A50}.Release|x86.Build.0 = Release|Any CPU
		{54B68121-A258-4C03-8322-9F79ABB78005}.Debug|Any CPU.ActiveCfg = Debug|Any CPU
		{54B68121-A258-4C03-8322-9F79ABB78005}.Debug|Any CPU.Build.0 = Debug|Any CPU
		{54B68121-A258-4C03-8322-9F79ABB78005}.Debug|ARM.ActiveCfg = Debug|Any CPU
		{54B68121-A258-4C03-8322-9F79ABB78005}.Debug|ARM.Build.0 = Debug|Any CPU
		{54B68121-A258-4C03-8322-9F79ABB78005}.Debug|ARM64.ActiveCfg = Debug|Any CPU
		{54B68121-A258-4C03-8322-9F79ABB78005}.Debug|ARM64.Build.0 = Debug|Any CPU
		{54B68121-A258-4C03-8322-9F79ABB78005}.Debug|x64.ActiveCfg = Debug|Any CPU
		{54B68121-A258-4C03-8322-9F79ABB78005}.Debug|x64.Build.0 = Debug|Any CPU
		{54B68121-A258-4C03-8322-9F79ABB78005}.Debug|x86.ActiveCfg = Debug|Any CPU
		{54B68121-A258-4C03-8322-9F79ABB78005}.Debug|x86.Build.0 = Debug|Any CPU
		{54B68121-A258-4C03-8322-9F79ABB78005}.Release|Any CPU.ActiveCfg = Release|Any CPU
		{54B68121-A258-4C03-8322-9F79ABB78005}.Release|Any CPU.Build.0 = Release|Any CPU
		{54B68121-A258-4C03-8322-9F79ABB78005}.Release|ARM.ActiveCfg = Release|Any CPU
		{54B68121-A258-4C03-8322-9F79ABB78005}.Release|ARM.Build.0 = Release|Any CPU
		{54B68121-A258-4C03-8322-9F79ABB78005}.Release|ARM64.ActiveCfg = Release|Any CPU
		{54B68121-A258-4C03-8322-9F79ABB78005}.Release|ARM64.Build.0 = Release|Any CPU
		{54B68121-A258-4C03-8322-9F79ABB78005}.Release|x64.ActiveCfg = Release|Any CPU
		{54B68121-A258-4C03-8322-9F79ABB78005}.Release|x64.Build.0 = Release|Any CPU
		{54B68121-A258-4C03-8322-9F79ABB78005}.Release|x86.ActiveCfg = Release|Any CPU
		{54B68121-A258-4C03-8322-9F79ABB78005}.Release|x86.Build.0 = Release|Any CPU
		{26C0C8DB-354D-4D8E-81F4-4D2269684FEA}.Debug|Any CPU.ActiveCfg = Debug|Any CPU
		{26C0C8DB-354D-4D8E-81F4-4D2269684FEA}.Debug|Any CPU.Build.0 = Debug|Any CPU
		{26C0C8DB-354D-4D8E-81F4-4D2269684FEA}.Debug|ARM.ActiveCfg = Debug|Any CPU
		{26C0C8DB-354D-4D8E-81F4-4D2269684FEA}.Debug|ARM.Build.0 = Debug|Any CPU
		{26C0C8DB-354D-4D8E-81F4-4D2269684FEA}.Debug|ARM64.ActiveCfg = Debug|Any CPU
		{26C0C8DB-354D-4D8E-81F4-4D2269684FEA}.Debug|ARM64.Build.0 = Debug|Any CPU
		{26C0C8DB-354D-4D8E-81F4-4D2269684FEA}.Debug|x64.ActiveCfg = Debug|Any CPU
		{26C0C8DB-354D-4D8E-81F4-4D2269684FEA}.Debug|x64.Build.0 = Debug|Any CPU
		{26C0C8DB-354D-4D8E-81F4-4D2269684FEA}.Debug|x86.ActiveCfg = Debug|Any CPU
		{26C0C8DB-354D-4D8E-81F4-4D2269684FEA}.Debug|x86.Build.0 = Debug|Any CPU
		{26C0C8DB-354D-4D8E-81F4-4D2269684FEA}.Release|Any CPU.ActiveCfg = Release|Any CPU
		{26C0C8DB-354D-4D8E-81F4-4D2269684FEA}.Release|Any CPU.Build.0 = Release|Any CPU
		{26C0C8DB-354D-4D8E-81F4-4D2269684FEA}.Release|ARM.ActiveCfg = Release|Any CPU
		{26C0C8DB-354D-4D8E-81F4-4D2269684FEA}.Release|ARM.Build.0 = Release|Any CPU
		{26C0C8DB-354D-4D8E-81F4-4D2269684FEA}.Release|ARM64.ActiveCfg = Release|Any CPU
		{26C0C8DB-354D-4D8E-81F4-4D2269684FEA}.Release|ARM64.Build.0 = Release|Any CPU
		{26C0C8DB-354D-4D8E-81F4-4D2269684FEA}.Release|x64.ActiveCfg = Release|Any CPU
		{26C0C8DB-354D-4D8E-81F4-4D2269684FEA}.Release|x64.Build.0 = Release|Any CPU
		{26C0C8DB-354D-4D8E-81F4-4D2269684FEA}.Release|x86.ActiveCfg = Release|Any CPU
		{26C0C8DB-354D-4D8E-81F4-4D2269684FEA}.Release|x86.Build.0 = Release|Any CPU
	EndGlobalSection
	GlobalSection(SolutionProperties) = preSolution
		HideSolutionNode = FALSE
	EndGlobalSection
	GlobalSection(ExtensibilityGlobals) = postSolution
		SolutionGuid = {C12EEB22-8A38-4EF8-B0CB-72158E0745D4}
	EndGlobalSection
EndGlobal
